
Microsoft Visual Studio Solution File, Format Version 12.00
# Visual Studio Version 16
VisualStudioVersion = 16.0.31402.337
MinimumVisualStudioVersion = 10.0.40219.1
Project("{FAE04EC0-301F-11D3-BF4B-00C04F79EFBC}") = "Apollo11", "Apollo11\Apollo11.csproj", "{7BD8BFD3-2B9A-4B4B-B257-045DD8247027}"
EndProject
Global
	GlobalSection(SolutionConfigurationPlatforms) = preSolution
		Debug|Any CPU = Debug|Any CPU
		Release|Any CPU = Release|Any CPU
	EndGlobalSection
	GlobalSection(ProjectConfigurationPlatforms) = postSolution
		{7BD8BFD3-2B9A-4B4B-B257-045DD8247027}.Debug|Any CPU.ActiveCfg = Debug|Any CPU
		{7BD8BFD3-2B9A-4B4B-B257-045DD8247027}.Debug|Any CPU.Build.0 = Debug|Any CPU
		{7BD8BFD3-2B9A-4B4B-B257-045DD8247027}.Release|Any CPU.ActiveCfg = Release|Any CPU
		{7BD8BFD3-2B9A-4B4B-B257-045DD8247027}.Release|Any CPU.Build.0 = Release|Any CPU
	EndGlobalSection
	GlobalSection(SolutionProperties) = preSolution
		HideSolutionNode = FALSE
	EndGlobalSection
	GlobalSection(ExtensibilityGlobals) = postSolution
		SolutionGuid = {94431016-F621-44E5-B5D7-4B5DF54D4A81}
	EndGlobalSection
EndGlobal
